lockfileVersion: '9.0'

settings:
  autoInstallPeers: true
  excludeLinksFromLockfile: false

importers:

  .:
    dependencies:
      '@ai-sdk/groq':
        specifier: ^4.0.47
        version: 4.0.47(zod@4.6.5)
      '@runmesh/agent':
        specifier: file:../../packages/agent
        version: file:../../packages/agent
      ai:
        specifier: ^7.0.112
        version: 7.0.112(zod@4.6.5)
      zod:
        specifier: ^4.3.11
        version: 4.6.5

packages:

  '@ai-sdk/gateway@4.0.90':
    resolution: {integrity: sha512-mtmiicpMapQU8K0ynNXCRcO55GVyBv6kjbwsD15RMxJKZUUPR99HfQ7/BsdRLdjSQcL7YcCauMLbguw6J+JFjQ==}
    engines: {node: '>=22'}
    peerDependencies:
      zod: ^3.25.76 || ^4.1.8

  '@ai-sdk/groq@4.0.47':
    resolution: {integrity: sha512-Fp1agdogQ/2XPDbIhKULR2wmw4fRo4WFwfHT7fP8vKc5iR5CfcqEaO5GXTb1ToHg9xeOLdSW+T16uj0VsB2L9w==}
    engines: {node: '>=22'}
    peerDependencies:
      zod: ^3.25.76 || ^4.1.8

  '@ai-sdk/provider-utils@5.0.46':
    resolution: {integrity: sha512-XYpiJbd3jW12HC4yzqNmUuPbZ7ooKXVxQjnXCC3O/VzzV2OvRWD6lDFUYYPLs/ZJgTcWWUkmHL/vIyvnxyplVA==}
    engines: {node: '>=22'}
    peerDependencies:
      zod: ^3.25.76 || ^4.1.8

  '@ai-sdk/provider@4.0.18':
    resolution: {integrity: sha512-+GZJIgz1jk86pwEbb3f1BD2bdoSKyWE4Jg4YUc7NMnMozbWemSKYZcw2F4nMaO5qwsL5A8RmioAKW81YktRpIQ==}
    engines: {node: '>=22'}

  '@runmesh/agent@file:../../packages/agent':
    resolution: {directory: ../../packages/agent, type: directory}
    engines: {node: '>=18'}
    hasBin: true

  '@standard-schema/spec@1.1.0':
    resolution: {integrity: sha512-l2aFy5jALhniG5HgqrD6jXLi/rUWrKvqN/qJx6yoJsgKhblVd+iqqU4RCXavm/jPityDo5TCvKMnpjKnOriy0w==}

  '@vercel/oidc@3.2.0':
    resolution: {integrity: sha512-UycprH3T6n3jH0k44NHMa7pnFHGu/N05MjojYr+Mc6I7obkoLIJujSWwin1pCvdy/eOxrI/l3uDLQsmcrOb4ug==}
    engines: {node: '>= 20'}

  '@workflow/serde@4.1.0':
    resolution: {integrity: sha512-pav4F2BoirECWR7Nf1TKt+2eETcBj7jj4cBefQ8VXQCA6NPkaKeLfj/zMgi+3zYV5ZIBT4GuUiphsj0/b9hPQQ==}

  ai@7.0.112:
    resolution: {integrity: sha512-JDIaxfynFQoV/MPh8AUeHIpuFAUjA2uPBXd6Aa8oZBHtiQ58gJ+Q3NHsQUgavIHsA734oCIr3y9QWkhlgCEA0g==}
    engines: {node: '>=22'}
    peerDependencies:
      zod: ^3.25.76 || ^4.1.8

  eventsource-parser@3.1.1:
    resolution: {integrity: sha512-EKN1vKAMcZ8MlYMpaNuxN6R9yakzH6uajHcHVTqWJzvu5pWw9DyhbP35HH8MVBQ+dZjAfDxk+A8NiR9KWaXiyQ==}
    engines: {node: '>=18.0.0'}

  json-schema@0.4.0:
    resolution: {integrity: sha512-es94M3nTIfsEPisRafak+HDLfHXnKBhV3vU5eqPcS3flIWqcxJWgXHXiey3YrpaNsanY5ei1VoYEbOzijuq9BA==}

  undici@7.29.1:
    resolution: {integrity: sha512-RYONW2MeafgYlkVOKYKkA/Ag7BmXqgIWCa8t1m0JcxrQg9pI9lEqRhAOruOBCbAohOa/gkCF+iPi9hrgvTzu6Q==}
    engines: {node: '>=20.18.1'}

  zod@4.6.5:
    resolution: {integrity: sha512-v5l/aFXZQeai4awLbOpSoHecE9UiMrnfx75tEXLjNonXVARxQ5mOeipTjROUchszUNCqnE+hqAMujRsRHsut2Q==}

snapshots:

  '@ai-sdk/gateway@4.0.90(zod@4.6.5)':
    dependencies:
      '@ai-sdk/provider': 4.0.18
      '@ai-sdk/provider-utils': 5.0.46(zod@4.6.5)
      '@vercel/oidc': 3.2.0
      zod: 4.6.5

  '@ai-sdk/groq@4.0.47(zod@4.6.5)':
    dependencies:
      '@ai-sdk/provider': 4.0.18
      '@ai-sdk/provider-utils': 5.0.46(zod@4.6.5)
      zod: 4.6.5

  '@ai-sdk/provider-utils@5.0.46(zod@4.6.5)':
    dependencies:
      '@ai-sdk/provider': 4.0.18
      '@standard-schema/spec': 1.1.0
      '@workflow/serde': 4.1.0
      eventsource-parser: 3.1.1
      undici: 7.29.1
      zod: 4.6.5

  '@ai-sdk/provider@4.0.18':
    dependencies:
      json-schema: 0.4.0

  '@runmesh/agent@file:../../packages/agent': {}

  '@standard-schema/spec@1.1.0': {}

  '@vercel/oidc@3.2.0': {}

  '@workflow/serde@4.1.0': {}

  ai@7.0.112(zod@4.6.5):
    dependencies:
      '@ai-sdk/gateway': 4.0.90(zod@4.6.5)
      '@ai-sdk/provider': 4.0.18
      '@ai-sdk/provider-utils': 5.0.46(zod@4.6.5)
      zod: 4.6.5

  eventsource-parser@3.1.1: {}

  json-schema@0.4.0: {}

  undici@7.29.1: {}

  zod@4.6.5: {}
